
Microsoft Visual Studio Solution File, Format Version 12.00
# Visual Studio Version 17
VisualStudioVersion = 17.14.36203.30 d17.14
MinimumVisualStudioVersion = 10.0.40219.1
Project("{FAE04EC0-301F-11D3-BF4B-00C04F79EFBC}") = "DeployTestApp", "DeployTestApp\DeployTestApp.csproj", "{4B986EF7-1688-438F-8C6C-2AE375FDE937}"
EndProject
Global
	GlobalSection(SolutionConfigurationPlatforms) = preSolution
		Debug|Any CPU = Debug|Any CPU
		Release|Any CPU = Release|Any CPU
	EndGlobalSection
	GlobalSection(ProjectConfigurationPlatforms) = postSolution
		{4B986EF7-1688-438F-8C6C-2AE375FDE937}.Debug|Any CPU.ActiveCfg = Debug|Any CPU
		{4B986EF7-1688-438F-8C6C-2AE375FDE937}.Debug|Any CPU.Build.0 = Debug|Any CPU
		{4B986EF7-1688-438F-8C6C-2AE375FDE937}.Release|Any CPU.ActiveCfg = Release|Any CPU
		{4B986EF7-1688-438F-8C6C-2AE375FDE937}.Release|Any CPU.Build.0 = Release|Any CPU
	EndGlobalSection
	GlobalSection(SolutionProperties) = preSolution
		HideSolutionNode = FALSE
	EndGlobalSection
	GlobalSection(ExtensibilityGlobals) = postSolution
		SolutionGuid = {75A6030F-6127-47B5-99A9-C4FE50A175FA}
	EndGlobalSection
EndGlobal
